// !$*UTF8*$!
{
	archiveVersion = 1;
	classes = {
	};
	objectVersion = 56;
	objects = {

/* Begin PBXBuildFile section */
		A6004AED2C48FD56004D349A /* AuthManager.swift in Sources */ = {isa = PBXBuildFile; fileRef = A6004AEC2C48FD56004D349A /* AuthManager.swift */; };
		A68EA4532C4903710007801A /* RootView.swift in Sources */ = {isa = PBXBuildFile; fileRef = A68EA4522C4903710007801A /* RootView.swift */; };
		A68EA4552C4907C00007801A /* SettingsView.swift in Sources */ = {isa = PBXBuildFile; fileRef = A68EA4542C4907C00007801A /* SettingsView.swift */; };
		A68EA45E2C495F790007801A /* GoogleSignIn in Frameworks */ = {isa = PBXBuildFile; productRef = A68EA45D2C495F790007801A /* GoogleSignIn */; };
		A68EA4602C495F790007801A /* GoogleSignInSwift in Frameworks */ = {isa = PBXBuildFile; productRef = A68EA45F2C495F790007801A /* GoogleSignInSwift */; };
		A68EA4652C4961AB0007801A /* Utilities.swift in Sources */ = {isa = PBXBuildFile; fileRef = A68EA4642C4961AB0007801A /* Utilities.swift */; };
		A6B4D8672C48C03B00DDECD5 /* SwiftfulThinking_FirebaseBootcampApp.swift in Sources */ = {isa = PBXBuildFile; fileRef = A6B4D8662C48C03B00DDECD5 /* SwiftfulThinking_FirebaseBootcampApp.swift */; };
		A6B4D8692C48C03B00DDECD5 /* ContentView.swift in Sources */ = {isa = PBXBuildFile; fileRef = A6B4D8682C48C03B00DDECD5 /* ContentView.swift */; };
		A6B4D86B2C48C03D00DDECD5 /* Assets.xcassets in Resources */ = {isa = PBXBuildFile; fileRef = A6B4D86A2C48C03D00DDECD5 /* Assets.xcassets */; };
		A6B4D86E2C48C03D00DDECD5 /* Preview Assets.xcassets in Resources */ = {isa = PBXBuildFile; fileRef = A6B4D86D2C48C03D00DDECD5 /* Preview Assets.xcassets */; };
		A6B4D8752C48C41400DDECD5 /* GoogleService-Info.plist in Resources */ = {isa = PBXBuildFile; fileRef = A6B4D8742C48C41400DDECD5 /* GoogleService-Info.plist */; };
		A6B4D8782C48C81800DDECD5 /* FirebaseAnalytics in Frameworks */ = {isa = PBXBuildFile; productRef = A6B4D8772C48C81800DDECD5 /* FirebaseAnalytics */; };
		A6B4D87A2C48C81800DDECD5 /* FirebaseAnalyticsSwift in Frameworks */ = {isa = PBXBuildFile; productRef = A6B4D8792C48C81800DDECD5 /* FirebaseAnalyticsSwift */; };
		A6B4D87D2C48E9A900DDECD5 /* FirebaseAuth in Frameworks */ = {isa = PBXBuildFile; productRef = A6B4D87C2C48E9A900DDECD5 /* FirebaseAuth */; };
		A6B4D8822C48EECA00DDECD5 /* AuthView.swift in Sources */ = {isa = PBXBuildFile; fileRef = A6B4D8812C48EECA00DDECD5 /* AuthView.swift */; };
		A6B4D8842C48F39500DDECD5 /* SignInEmailView.swift in Sources */ = {isa = PBXBuildFile; fileRef = A6B4D8832C48F39500DDECD5 /* SignInEmailView.swift */; };
		A6C821A12C4ADB67001BEB8E /* SignInAppleHelper.swift in Sources */ = {isa = PBXBuildFile; fileRef = A6C821A02C4ADB67001BEB8E /* SignInAppleHelper.swift */; };
		A6E1F1C12C4A0157005E207B /* SignInGoogleHelper.swift in Sources */ = {isa = PBXBuildFile; fileRef = A6E1F1C02C4A0157005E207B /* SignInGoogleHelper.swift */; };
/* End PBXBuildFile section */

/* Begin PBXFileReference section */
		A6004AEC2C48FD56004D349A /* AuthManager.swift */ = {isa = PBXFileReference; lastKnownFileType = sourcecode.swift; path = AuthManager.swift; sourceTree = "<group>"; };
		A68EA4522C4903710007801A /* RootView.swift */ = {isa = PBXFileReference; lastKnownFileType = sourcecode.swift; path = RootView.swift; sourceTree = "<group>"; };
		A68EA4542C4907C00007801A /* SettingsView.swift */ = {isa = PBXFileReference; lastKnownFileType = sourcecode.swift; path = SettingsView.swift; sourceTree = "<group>"; };
		A68EA4612C495FC00007801A /* Info.plist */ = {isa = PBXFileReference; lastKnownFileType = text.plist; path = Info.plist; sourceTree = "<group>"; };
		A68EA4642C4961AB0007801A /* Utilities.swift */ = {isa = PBXFileReference; lastKnownFileType = sourcecode.swift; path = Utilities.swift; sourceTree = "<group>"; };
		A6B4D8632C48C03B00DDECD5 /* SwiftfulThinking-FirebaseBootcamp.app */ = {isa = PBXFileReference; explicitFileType = wrapper.application; includeInIndex = 0; path = "SwiftfulThinking-FirebaseBootcamp.app"; sourceTree = BUILT_PRODUCTS_DIR; };
		A6B4D8662C48C03B00DDECD5 /* SwiftfulThinking_FirebaseBootcampApp.swift */ = {isa = PBXFileReference; lastKnownFileType = sourcecode.swift; path = SwiftfulThinking_FirebaseBootcampApp.swift; sourceTree = "<group>"; };
		A6B4D8682C48C03B00DDECD5 /* ContentView.swift */ = {isa = PBXFileReference; lastKnownFileType = sourcecode.swift; path = ContentView.swift; sourceTree = "<group>"; };
		A6B4D86A2C48C03D00DDECD5 /* Assets.xcassets */ = {isa = PBXFileReference; lastKnownFileType = folder.assetcatalog; path = Assets.xcassets; sourceTree = "<group>"; };
		A6B4D86D2C48C03D00DDECD5 /* Preview Assets.xcassets */ = {isa = PBXFileReference; lastKnownFileType = folder.assetcatalog; path = "Preview Assets.xcassets"; sourceTree = "<group>"; };
		A6B4D8742C48C41400DDECD5 /* GoogleService-Info.plist */ = {isa = PBXFileReference; fileEncoding = 4; lastKnownFileType = text.plist.xml; path = "GoogleService-Info.plist"; sourceTree = "<group>"; };
		A6B4D8812C48EECA00DDECD5 /* AuthView.swift */ = {isa = PBXFileReference; lastKnownFileType = sourcecode.swift; path = AuthView.swift; sourceTree = "<group>"; };
		A6B4D8832C48F39500DDECD5 /* SignInEmailView.swift */ = {isa = PBXFileReference; lastKnownFileType = sourcecode.swift; path = SignInEmailView.swift; sourceTree = "<group>"; };
		A6C821982C4A4EB6001BEB8E /* SwiftfulThinking-FirebaseBootcamp.entitlements */ = {isa = PBXFileReference; lastKnownFileType = text.plist.entitlements; path = "SwiftfulThinking-FirebaseBootcamp.entitlements"; sourceTree = "<group>"; };
		A6C821992C4A5889001BEB8E /* AuthenticationServices.framework */ = {isa = PBXFileReference; lastKnownFileType = wrapper.framework; name = AuthenticationServices.framework; path = System/Library/Frameworks/AuthenticationServices.framework; sourceTree = SDKROOT; };
		A6C821A02C4ADB67001BEB8E /* SignInAppleHelper.swift */ = {isa = PBXFileReference; lastKnownFileType = sourcecode.swift; path = SignInAppleHelper.swift; sourceTree = "<group>"; };
		A6E1F1C02C4A0157005E207B /* SignInGoogleHelper.swift */ = {isa = PBXFileReference; lastKnownFileType = sourcecode.swift; path = SignInGoogleHelper.swift; sourceTree = "<group>"; };
/* End PBXFileReference section */

/* Begin PBXFrameworksBuildPhase section */
		A6B4D8602C48C03B00DDECD5 /* Frameworks */ = {
			isa = PBXFrameworksBuildPhase;
			buildActionMask = 2147483647;
			files = (
				A68EA4602C495F790007801A /* GoogleSignInSwift in Frameworks */,
				A6B4D87A2C48C81800DDECD5 /* FirebaseAnalyticsSwift in Frameworks */,
				A68EA45E2C495F790007801A /* GoogleSignIn in Frameworks */,
				A6B4D87D2C48E9A900DDECD5 /* FirebaseAuth in Frameworks */,
				A6B4D8782C48C81800DDECD5 /* FirebaseAnalytics in Frameworks */,
			);
			runOnlyForDeploymentPostprocessing = 0;
		};
/* End PBXFrameworksBuildPhase section */

/* Begin PBXGroup section */
		A68EA4632C4961920007801A /* Utilities */ = {
			isa = PBXGroup;
			children = (
				A68EA4642C4961AB0007801A /* Utilities.swift */,
			);
			path = Utilities;
			sourceTree = "<group>";
		};
		A6B4D85A2C48C03B00DDECD5 = {
			isa = PBXGroup;
			children = (
				A6B4D8652C48C03B00DDECD5 /* SwiftfulThinking-FirebaseBootcamp */,
				A6B4D8642C48C03B00DDECD5 /* Products */,
				A6B4D87B2C48E9A900DDECD5 /* Frameworks */,
			);
			sourceTree = "<group>";
		};
		A6B4D8642C48C03B00DDECD5 /* Products */ = {
			isa = PBXGroup;
			children = (
				A6B4D8632C48C03B00DDECD5 /* SwiftfulThinking-FirebaseBootcamp.app */,
			);
			name = Products;
			sourceTree = "<group>";
		};
		A6B4D8652C48C03B00DDECD5 /* SwiftfulThinking-FirebaseBootcamp */ = {
			isa = PBXGroup;
			children = (
				A6C821982C4A4EB6001BEB8E /* SwiftfulThinking-FirebaseBootcamp.entitlements */,
				A68EA4632C4961920007801A /* Utilities */,
				A68EA4612C495FC00007801A /* Info.plist */,
				A6B4D87E2C48EE8300DDECD5 /* Auth */,
				A6B4D8742C48C41400DDECD5 /* GoogleService-Info.plist */,
				A6B4D8662C48C03B00DDECD5 /* SwiftfulThinking_FirebaseBootcampApp.swift */,
				A6B4D8682C48C03B00DDECD5 /* ContentView.swift */,
				A6B4D86A2C48C03D00DDECD5 /* Assets.xcassets */,
				A6B4D86C2C48C03D00DDECD5 /* Preview Content */,
			);
			path = "SwiftfulThinking-FirebaseBootcamp";
			sourceTree = "<group>";
		};
		A6B4D86C2C48C03D00DDECD5 /* Preview Content */ = {
			isa = PBXGroup;
			children = (
				A6B4D86D2C48C03D00DDECD5 /* Preview Assets.xcassets */,
			);
			path = "Preview Content";
			sourceTree = "<group>";
		};
		A6B4D87B2C48E9A900DDECD5 /* Frameworks */ = {
			isa = PBXGroup;
			children = (
				A6C821992C4A5889001BEB8E /* AuthenticationServices.framework */,
			);
			name = Frameworks;
			sourceTree = "<group>";
		};
		A6B4D87E2C48EE8300DDECD5 /* Auth */ = {
			isa = PBXGroup;
			children = (
				A6B4D8812C48EECA00DDECD5 /* AuthView.swift */,
				A6B4D8832C48F39500DDECD5 /* SignInEmailView.swift */,
				A6004AEC2C48FD56004D349A /* AuthManager.swift */,
				A68EA4522C4903710007801A /* RootView.swift */,
				A68EA4542C4907C00007801A /* SettingsView.swift */,
				A6E1F1C02C4A0157005E207B /* SignInGoogleHelper.swift */,
				A6C821A02C4ADB67001BEB8E /* SignInAppleHelper.swift */,
			);
			path = Auth;
			sourceTree = "<group>";
		};
/* End PBXGroup section */

/* Begin PBXNativeTarget section */
		A6B4D8622C48C03B00DDECD5 /* SwiftfulThinking-FirebaseBootcamp */ = {
			isa = PBXNativeTarget;
			buildConfigurationList = A6B4D8712C48C03D00DDECD5 /* Build configuration list for PBXNativeTarget "SwiftfulThinking-FirebaseBootcamp" */;
			buildPhases = (
				A6B4D85F2C48C03B00DDECD5 /* Sources */,
				A6B4D8602C48C03B00DDECD5 /* Frameworks */,
				A6B4D8612C48C03B00DDECD5 /* Resources */,
			);
			buildRules = (
			);
			dependencies = (
			);
			name = "SwiftfulThinking-FirebaseBootcamp";
			packageProductDependencies = (
				A6B4D8772C48C81800DDECD5 /* FirebaseAnalytics */,
				A6B4D8792C48C81800DDECD5 /* FirebaseAnalyticsSwift */,
				A6B4D87C2C48E9A900DDECD5 /* FirebaseAuth */,
				A68EA45D2C495F790007801A /* GoogleSignIn */,
				A68EA45F2C495F790007801A /* GoogleSignInSwift */,
			);
			productName = "SwiftfulThinking-FirebaseBootcamp";
			productReference = A6B4D8632C48C03B00DDECD5 /* SwiftfulThinking-FirebaseBootcamp.app */;
			productType = "com.apple.product-type.application";
		};
/* End PBXNativeTarget section */

/* Begin PBXProject section */
		A6B4D85B2C48C03B00DDECD5 /* Project object */ = {
			isa = PBXProject;
			attributes = {
				BuildIndependentTargetsInParallel = 1;
				LastSwiftUpdateCheck = 1540;
				LastUpgradeCheck = 1540;
				TargetAttributes = {
					A6B4D8622C48C03B00DDECD5 = {
						CreatedOnToolsVersion = 15.4;
					};
				};
			};
			buildConfigurationList = A6B4D85E2C48C03B00DDECD5 /* Build configuration list for PBXProject "SwiftfulThinking-FirebaseBootcamp" */;
			compatibilityVersion = "Xcode 14.0";
			developmentRegion = en;
			hasScannedForEncodings = 0;
			knownRegions = (
				en,
				Base,
			);
			mainGroup = A6B4D85A2C48C03B00DDECD5;
			packageReferences = (
				A6B4D8762C48C81800DDECD5 /* XCRemoteSwiftPackageReference "firebase-ios-sdk" */,
				A68EA45C2C495F790007801A /* XCRemoteSwiftPackageReference "GoogleSignIn-iOS" */,
			);
			productRefGroup = A6B4D8642C48C03B00DDECD5 /* Products */;
			projectDirPath = "";
			projectRoot = "";
			targets = (
				A6B4D8622C48C03B00DDECD5 /* SwiftfulThinking-FirebaseBootcamp */,
			);
		};
/* End PBXProject section */

/* Begin PBXResourcesBuildPhase section */
		A6B4D8612C48C03B00DDECD5 /* Resources */ = {
			isa = PBXResourcesBuildPhase;
			buildActionMask = 2147483647;
			files = (
				A6B4D86E2C48C03D00DDECD5 /* Preview Assets.xcassets in Resources */,
				A6B4D86B2C48C03D00DDECD5 /* Assets.xcassets in Resources */,
				A6B4D8752C48C41400DDECD5 /* GoogleService-Info.plist in Resources */,
			);
			runOnlyForDeploymentPostprocessing = 0;
		};
/* End PBXResourcesBuildPhase section */

/* Begin PBXSourcesBuildPhase section */
		A6B4D85F2C48C03B00DDECD5 /* Sources */ = {
			isa = PBXSourcesBuildPhase;
			buildActionMask = 2147483647;
			files = (
				A68EA4552C4907C00007801A /* SettingsView.swift in Sources */,
				A6B4D8692C48C03B00DDECD5 /* ContentView.swift in Sources */,
				A6B4D8672C48C03B00DDECD5 /* SwiftfulThinking_FirebaseBootcampApp.swift in Sources */,
				A68EA4532C4903710007801A /* RootView.swift in Sources */,
				A6E1F1C12C4A0157005E207B /* SignInGoogleHelper.swift in Sources */,
				A6B4D8822C48EECA00DDECD5 /* AuthView.swift in Sources */,
				A6B4D8842C48F39500DDECD5 /* SignInEmailView.swift in Sources */,
				A68EA4652C4961AB0007801A /* Utilities.swift in Sources */,
				A6C821A12C4ADB67001BEB8E /* SignInAppleHelper.swift in Sources */,
				A6004AED2C48FD56004D349A /* AuthManager.swift in Sources */,
			);
			runOnlyForDeploymentPostprocessing = 0;
		};
/* End PBXSourcesBuildPhase section */

/* Begin XCBuildConfiguration section */
		A6B4D86F2C48C03D00DDECD5 /* Debug */ = {
			isa = XCBuildConfiguration;
			buildSettings = {
				ALWAYS_SEARCH_USER_PATHS = NO;
				ASSETCATALOG_COMPILER_GENERATE_SWIFT_ASSET_SYMBOL_EXTENSIONS = YES;
				CLANG_ANALYZER_NONNULL = YES;
				CLANG_ANALYZER_NUMBER_OBJECT_CONVERSION = YES_AGGRESSIVE;
				CLANG_CXX_LANGUAGE_STANDARD = "gnu++20";
				CLANG_ENABLE_MODULES = YES;
				CLANG_ENABLE_OBJC_ARC = YES;
				CLANG_ENABLE_OBJC_WEAK = YES;
				CLANG_WARN_BLOCK_CAPTURE_AUTORELEASING = YES;
				CLANG_WARN_BOOL_CONVERSION = YES;
				CLANG_WARN_COMMA = YES;
				CLANG_WARN_CONSTANT_CONVERSION = YES;
				CLANG_WARN_DEPRECATED_OBJC_IMPLEMENTATIONS = YES;
				CLANG_WARN_DIRECT_OBJC_ISA_USAGE = YES_ERROR;
				CLANG_WARN_DOCUMENTATION_COMMENTS = YES;
				CLANG_WARN_EMPTY_BODY = YES;
				CLANG_WARN_ENUM_CONVERSION = YES;
				CLANG_WARN_INFINITE_RECURSION = YES;
				CLANG_WARN_INT_CONVERSION = YES;
				CLANG_WARN_NON_LITERAL_NULL_CONVERSION = YES;
				CLANG_WARN_OBJC_IMPLICIT_RETAIN_SELF = YES;
				CLANG_WARN_OBJC_LITERAL_CONVERSION = YES;
				CLANG_WARN_OBJC_ROOT_CLASS = YES_ERROR;
				CLANG_WARN_QUOTED_INCLUDE_IN_FRAMEWORK_HEADER = YES;
				CLANG_WARN_RANGE_LOOP_ANALYSIS = YES;
				CLANG_WARN_STRICT_PROTOTYPES = YES;
				CLANG_WARN_SUSPICIOUS_MOVE = YES;
				CLANG_WARN_UNGUARDED_AVAILABILITY = YES_AGGRESSIVE;
				CLANG_WARN_UNREACHABLE_CODE = YES;
				CLANG_WARN__DUPLICATE_METHOD_MATCH = YES;
				COPY_PHASE_STRIP = NO;
				DEBUG_INFORMATION_FORMAT = dwarf;
				ENABLE_STRICT_OBJC_MSGSEND = YES;
				ENABLE_TESTABILITY = YES;
				ENABLE_USER_SCRIPT_SANDBOXING = YES;
				GCC_C_LANGUAGE_STANDARD = gnu17;
				GCC_DYNAMIC_NO_PIC = NO;
				GCC_NO_COMMON_BLOCKS = YES;
				GCC_OPTIMIZATION_LEVEL = 0;
				GCC_PREPROCESSOR_DEFINITIONS = (
					"DEBUG=1",
					"$(inherited)",
				);
				GCC_WARN_64_TO_32_BIT_CONVERSION = YES;
				GCC_WARN_ABOUT_RETURN_TYPE = YES_ERROR;
				GCC_WARN_UNDECLARED_SELECTOR = YES;
				GCC_WARN_UNINITIALIZED_AUTOS = YES_AGGRESSIVE;
				GCC_WARN_UNUSED_FUNCTION = YES;
				GCC_WARN_UNUSED_VARIABLE = YES;
				IPHONEOS_DEPLOYMENT_TARGET = 17.5;
				LOCALIZATION_PREFERS_STRING_CATALOGS = YES;
				MTL_ENABLE_DEBUG_INFO = INCLUDE_SOURCE;
				MTL_FAST_MATH = YES;
				ONLY_ACTIVE_ARCH = YES;
				SDKROOT = iphoneos;
				SWIFT_ACTIVE_COMPILATION_CONDITIONS = "DEBUG $(inherited)";
				SWIFT_OPTIMIZATION_LEVEL = "-Onone";
			};
			name = Debug;
		};
		A6B4D8702C48C03D00DDECD5 /* Release */ = {
			isa = XCBuildConfiguration;
			buildSettings = {
				ALWAYS_SEARCH_USER_PATHS = NO;
				ASSETCATALOG_COMPILER_GENERATE_SWIFT_ASSET_SYMBOL_EXTENSIONS = YES;
				CLANG_ANALYZER_NONNULL = YES;
				CLANG_ANALYZER_NUMBER_OBJECT_CONVERSION = YES_AGGRESSIVE;
				CLANG_CXX_LANGUAGE_STANDARD = "gnu++20";
				CLANG_ENABLE_MODULES = YES;
				CLANG_ENABLE_OBJC_ARC = YES;
				CLANG_ENABLE_OBJC_WEAK = YES;
				CLANG_WARN_BLOCK_CAPTURE_AUTORELEASING = YES;
				CLANG_WARN_BOOL_CONVERSION = YES;
				CLANG_WARN_COMMA = YES;
				CLANG_WARN_CONSTANT_CONVERSION = YES;
				CLANG_WARN_DEPRECATED_OBJC_IMPLEMENTATIONS = YES;
				CLANG_WARN_DIRECT_OBJC_ISA_USAGE = YES_ERROR;
				CLANG_WARN_DOCUMENTATION_COMMENTS = YES;
				CLANG_WARN_EMPTY_BODY = YES;
				CLANG_WARN_ENUM_CONVERSION = YES;
				CLANG_WARN_INFINITE_RECURSION = YES;
				CLANG_WARN_INT_CONVERSION = YES;
				CLANG_WARN_NON_LITERAL_NULL_CONVERSION = YES;
				CLANG_WARN_OBJC_IMPLICIT_RETAIN_SELF = YES;
				CLANG_WARN_OBJC_LITERAL_CONVERSION = YES;
				CLANG_WARN_OBJC_ROOT_CLASS = YES_ERROR;
				CLANG_WARN_QUOTED_INCLUDE_IN_FRAMEWORK_HEADER = YES;
				CLANG_WARN_RANGE_LOOP_ANALYSIS = YES;
				CLANG_WARN_STRICT_PROTOTYPES = YES;
				CLANG_WARN_SUSPICIOUS_MOVE = YES;
				CLANG_WARN_UNGUARDED_AVAILABILITY = YES_AGGRESSIVE;
				CLANG_WARN_UNREACHABLE_CODE = YES;
				CLANG_WARN__DUPLICATE_METHOD_MATCH = YES;
				COPY_PHASE_STRIP = NO;
				DEBUG_INFORMATION_FORMAT = "dwarf-with-dsym";
				ENABLE_NS_ASSERTIONS = NO;
				ENABLE_STRICT_OBJC_MSGSEND = YES;
				ENABLE_USER_SCRIPT_SANDBOXING = YES;
				GCC_C_LANGUAGE_STANDARD = gnu17;
				GCC_NO_COMMON_BLOCKS = YES;
				GCC_WARN_64_TO_32_BIT_CONVERSION = YES;
				GCC_WARN_ABOUT_RETURN_TYPE = YES_ERROR;
				GCC_WARN_UNDECLARED_SELECTOR = YES;
				GCC_WARN_UNINITIALIZED_AUTOS = YES_AGGRESSIVE;
				GCC_WARN_UNUSED_FUNCTION = YES;
				GCC_WARN_UNUSED_VARIABLE = YES;
				IPHONEOS_DEPLOYMENT_TARGET = 17.5;
				LOCALIZATION_PREFERS_STRING_CATALOGS = YES;
				MTL_ENABLE_DEBUG_INFO = NO;
				MTL_FAST_MATH = YES;
				SDKROOT = iphoneos;
				SWIFT_COMPILATION_MODE = wholemodule;
				VALIDATE_PRODUCT = YES;
			};
			name = Release;
		};
		A6B4D8722C48C03D00DDECD5 /* Debug */ = {
			isa = XCBuildConfiguration;
			buildSettings = {
				ASSETCATALOG_COMPILER_APPICON_NAME = AppIcon;
				ASSETCATALOG_COMPILER_GLOBAL_ACCENT_COLOR_NAME = AccentColor;
				CODE_SIGN_ENTITLEMENTS = "SwiftfulThinking-FirebaseBootcamp/SwiftfulThinking-FirebaseBootcamp.entitlements";
				CODE_SIGN_STYLE = Automatic;
				CURRENT_PROJECT_VERSION = 1;
				DEVELOPMENT_ASSET_PATHS = "\"SwiftfulThinking-FirebaseBootcamp/Preview Content\"";
				DEVELOPMENT_TEAM = "";
				ENABLE_PREVIEWS = YES;
				GENERATE_INFOPLIST_FILE = YES;
				INFOPLIST_FILE = "SwiftfulThinking-FirebaseBootcamp/Info.plist";
				INFOPLIST_KEY_UIApplicationSceneManifest_Generation = YES;
				INFOPLIST_KEY_UIApplicationSupportsIndirectInputEvents = YES;
				INFOPLIST_KEY_UILaunchScreen_Generation = YES;
				INFOPLIST_KEY_UISupportedInterfaceOrientations_iPad = "UIInterfaceOrientationPortrait UIInterfaceOrientationPortraitUpsideDown UIInterfaceOrientationLandscapeLeft UIInterfaceOrientationLandscapeRight";
				INFOPLIST_KEY_UISupportedInterfaceOrientations_iPhone = "UIInterfaceOrientationPortrait UIInterfaceOrientationLandscapeLeft UIInterfaceOrientationLandscapeRight";
				LD_RUNPATH_SEARCH_PATHS = (
					"$(inherited)",
					"@executable_path/Frameworks",
				);
				MARKETING_VERSION = 1.0;
				PRODUCT_BUNDLE_IDENTIFIER = "com.rainbowt.SwiftfulThinking-FirebaseBootcamp";
				PRODUCT_NAME = "$(TARGET_NAME)";
				SWIFT_EMIT_LOC_STRINGS = YES;
				SWIFT_VERSION = 5.0;
				TARGETED_DEVICE_FAMILY = "1,2";
			};
			name = Debug;
		};
		A6B4D8732C48C03D00DDECD5 /* Release */ = {
			isa = XCBuildConfiguration;
			buildSettings = {
				ASSETCATALOG_COMPILER_APPICON_NAME = AppIcon;
				ASSETCATALOG_COMPILER_GLOBAL_ACCENT_COLOR_NAME = AccentColor;
				CODE_SIGN_ENTITLEMENTS = "SwiftfulThinking-FirebaseBootcamp/SwiftfulThinking-FirebaseBootcamp.entitlements";
				CODE_SIGN_STYLE = Automatic;
				CURRENT_PROJECT_VERSION = 1;
				DEVELOPMENT_ASSET_PATHS = "\"SwiftfulThinking-FirebaseBootcamp/Preview Content\"";
				DEVELOPMENT_TEAM = "";
				ENABLE_PREVIEWS = YES;
				GENERATE_INFOPLIST_FILE = YES;
				INFOPLIST_FILE = "SwiftfulThinking-FirebaseBootcamp/Info.plist";
				INFOPLIST_KEY_UIApplicationSceneManifest_Generation = YES;
				INFOPLIST_KEY_UIApplicationSupportsIndirectInputEvents = YES;
				INFOPLIST_KEY_UILaunchScreen_Generation = YES;
				INFOPLIST_KEY_UISupportedInterfaceOrientations_iPad = "UIInterfaceOrientationPortrait UIInterfaceOrientationPortraitUpsideDown UIInterfaceOrientationLandscapeLeft UIInterfaceOrientationLandscapeRight";
				INFOPLIST_KEY_UISupportedInterfaceOrientations_iPhone = "UIInterfaceOrientationPortrait UIInterfaceOrientationLandscapeLeft UIInterfaceOrientationLandscapeRight";
				LD_RUNPATH_SEARCH_PATHS = (
					"$(inherited)",
					"@executable_path/Frameworks",
				);
				MARKETING_VERSION = 1.0;
				PRODUCT_BUNDLE_IDENTIFIER = "com.rainbowt.SwiftfulThinking-FirebaseBootcamp";
				PRODUCT_NAME = "$(TARGET_NAME)";
				SWIFT_EMIT_LOC_STRINGS = YES;
				SWIFT_VERSION = 5.0;
				TARGETED_DEVICE_FAMILY = "1,2";
			};
			name = Release;
		};
/* End XCBuildConfiguration section */

/* Begin XCConfigurationList section */
		A6B4D85E2C48C03B00DDECD5 /* Build configuration list for PBXProject "SwiftfulThinking-FirebaseBootcamp" */ = {
			isa = XCConfigurationList;
			buildConfigurations = (
				A6B4D86F2C48C03D00DDECD5 /* Debug */,
				A6B4D8702C48C03D00DDECD5 /* Release */,
			);
			defaultConfigurationIsVisible = 0;
			defaultConfigurationName = Release;
		};
		A6B4D8712C48C03D00DDECD5 /* Build configuration list for PBXNativeTarget "SwiftfulThinking-FirebaseBootcamp" */ = {
			isa = XCConfigurationList;
			buildConfigurations = (
				A6B4D8722C48C03D00DDECD5 /* Debug */,
				A6B4D8732C48C03D00DDECD5 /* Release */,
			);
			defaultConfigurationIsVisible = 0;
			defaultConfigurationName = Release;
		};
/* End XCConfigurationList section */

/* Begin XCRemoteSwiftPackageReference section */
		A68EA45C2C495F790007801A /* XCRemoteSwiftPackageReference "GoogleSignIn-iOS" */ = {
			isa = XCRemoteSwiftPackageReference;
			repositoryURL = "https://github.com/google/GoogleSignIn-iOS.git";
			requirement = {
				kind = exactVersion;
				version = 7.1.0;
			};
		};
		A6B4D8762C48C81800DDECD5 /* XCRemoteSwiftPackageReference "firebase-ios-sdk" */ = {
			isa = XCRemoteSwiftPackageReference;
			repositoryURL = "https://github.com/firebase/firebase-ios-sdk";
			requirement = {
				kind = exactVersion;
				version = 10.29.0;
			};
		};
/* End XCRemoteSwiftPackageReference section */

/* Begin XCSwiftPackageProductDependency section */
		A68EA45D2C495F790007801A /* GoogleSignIn */ = {
			isa = XCSwiftPackageProductDependency;
			package = A68EA45C2C495F790007801A /* XCRemoteSwiftPackageReference "GoogleSignIn-iOS" */;
			productName = GoogleSignIn;
		};
		A68EA45F2C495F790007801A /* GoogleSignInSwift */ = {
			isa = XCSwiftPackageProductDependency;
			package = A68EA45C2C495F790007801A /* XCRemoteSwiftPackageReference "GoogleSignIn-iOS" */;
			productName = GoogleSignInSwift;
		};
		A6B4D8772C48C81800DDECD5 /* FirebaseAnalytics */ = {
			isa = XCSwiftPackageProductDependency;
			package = A6B4D8762C48C81800DDECD5 /* XCRemoteSwiftPackageReference "firebase-ios-sdk" */;
			productName = FirebaseAnalytics;
		};
		A6B4D8792C48C81800DDECD5 /* FirebaseAnalyticsSwift */ = {
			isa = XCSwiftPackageProductDependency;
			package = A6B4D8762C48C81800DDECD5 /* XCRemoteSwiftPackageReference "firebase-ios-sdk" */;
			productName = FirebaseAnalyticsSwift;
		};
		A6B4D87C2C48E9A900DDECD5 /* FirebaseAuth */ = {
			isa = XCSwiftPackageProductDependency;
			package = A6B4D8762C48C81800DDECD5 /* XCRemoteSwiftPackageReference "firebase-ios-sdk" */;
			productName = FirebaseAuth;
		};
/* End XCSwiftPackageProductDependency section */
	};
	rootObject = A6B4D85B2C48C03B00DDECD5 /* Project object */;
}
